
Microsoft Visual Studio Solution File, Format Version 12.00
# Visual Studio 15
VisualStudioVersion = 15.0.27004.2006
MinimumVisualStudioVersion = 10.0.40219.1
Project("{FAE04EC0-301F-11D3-BF4B-00C04F79EFBC}") = "deditor", "deditor\deditor.csproj", "{A081D634-11A3-4883-9228-ADCA452689DC}"
EndProject
Global
	GlobalSection(SolutionConfigurationPlatforms) = preSolution
		Debug|Any CPU = Debug|Any CPU
		Release|Any CPU = Release|Any CPU
	EndGlobalSection
	GlobalSection(ProjectConfigurationPlatforms) = postSolution
		{A081D634-11A3-4883-9228-ADCA452689DC}.Debug|Any CPU.ActiveCfg = Debug|Any CPU
		{A081D634-11A3-4883-9228-ADCA452689DC}.Debug|Any CPU.Build.0 = Debug|Any CPU
		{A081D634-11A3-4883-9228-ADCA452689DC}.Release|Any CPU.ActiveCfg = Release|Any CPU
		{A081D634-11A3-4883-9228-ADCA452689DC}.Release|Any CPU.Build.0 = Release|Any CPU
	EndGlobalSection
	GlobalSection(SolutionProperties) = preSolution
		HideSolutionNode = FALSE
	EndGlobalSection
	GlobalSection(ExtensibilityGlobals) = postSolution
		SolutionGuid = {9371A73B-E285-453F-BC3A-4870AD857A5B}
	EndGlobalSection
EndGlobal
